
Microsoft Visual Studio Solution File, Format Version 12.00
# Visual Studio Version 17
VisualStudioVersion = 17.8.34330.188
MinimumVisualStudioVersion = 10.0.40219.1
Project("{9A19103F-16F7-4668-BE54-9A1E7A4F7556}") = "RedisUI", "RedisUI\RedisUI.csproj", "{08977980-B5B7-4FD6-878C-DE61E9BFD335}"
EndProject
Project("{FAE04EC0-301F-11D3-BF4B-00C04F79EFBC}") = "IUTest", "IUTest\IUTest.csproj", "{4E06347B-6B20-48F3-8081-680D8E9BEDC8}"
EndProject
Global
	GlobalSection(SolutionConfigurationPlatforms) = preSolution
		Debug|Any CPU = Debug|Any CPU
		Release|Any CPU = Release|Any CPU
	EndGlobalSection
	GlobalSection(ProjectConfigurationPlatforms) = postSolution
		{08977980-B5B7-4FD6-878C-DE61E9BFD335}.Debug|Any CPU.ActiveCfg = Debug|Any CPU
		{08977980-B5B7-4FD6-878C-DE61E9BFD335}.Debug|Any CPU.Build.0 = Debug|Any CPU
		{08977980-B5B7-4FD6-878C-DE61E9BFD335}.Release|Any CPU.ActiveCfg = Release|Any CPU
		{08977980-B5B7-4FD6-878C-DE61E9BFD335}.Release|Any CPU.Build.0 = Release|Any CPU
		{4E06347B-6B20-48F3-8081-680D8E9BEDC8}.Debug|Any CPU.ActiveCfg = Debug|Any CPU
		{4E06347B-6B20-48F3-8081-680D8E9BEDC8}.Debug|Any CPU.Build.0 = Debug|Any CPU
		{4E06347B-6B20-48F3-8081-680D8E9BEDC8}.Release|Any CPU.ActiveCfg = Release|Any CPU
		{4E06347B-6B20-48F3-8081-680D8E9BEDC8}.Release|Any CPU.Build.0 = Release|Any CPU
	EndGlobalSection
	GlobalSection(SolutionProperties) = preSolution
		HideSolutionNode = FALSE
	EndGlobalSection
	GlobalSection(ExtensibilityGlobals) = postSolution
		SolutionGuid = {A84C7A02-F4F7-4419-B0B9-E6AF4850CE42}
	EndGlobalSection
EndGlobal
